
Microsoft Visual Studio Solution File, Format Version 12.00
# Visual Studio Version 17
VisualStudioVersion = 17.0.31903.59
MinimumVisualStudioVersion = 10.0.40219.1
Project("{2150E333-8FDC-42A3-9474-1A3956D46DE8}") = "src", "src", "{827E0CD3-B72D-47B6-A68D-7590B98EB39B}"
EndProject
Project("{FAE04EC0-301F-11D3-BF4B-00C04F79EFBC}") = "WalkForward", "src\WalkForward\WalkForward.csproj", "{8654FE75-D8A9-4A31-89EF-F7B7FC4E6517}"
EndProject
Project("{2150E333-8FDC-42A3-9474-1A3956D46DE8}") = "tests", "tests", "{0AB3BF05-4346-4AA6-1389-037BE0695223}"
EndProject
Project("{FAE04EC0-301F-11D3-BF4B-00C04F79EFBC}") = "WalkForward.Tests.Unit", "tests\WalkForward.Tests.Unit\WalkForward.Tests.Unit.csproj", "{BF0B4264-8C6D-4952-B044-6E06319B20ED}"
EndProject
Project("{FAE04EC0-301F-11D3-BF4B-00C04F79EFBC}") = "WalkForward.Tests.Architecture", "tests\WalkForward.Tests.Architecture\WalkForward.Tests.Architecture.csproj", "{AEDC9B77-9D5D-49C0-91E8-8EC805ADD7B8}"
EndProject
Project("{FAE04EC0-301F-11D3-BF4B-00C04F79EFBC}") = "WalkForward.Tests.Performance", "tests\WalkForward.Tests.Performance\WalkForward.Tests.Performance.csproj", "{B89A44E1-6768-44CE-A3B8-1199D9032B13}"
EndProject
Global
	GlobalSection(SolutionConfigurationPlatforms) = preSolution
		Debug|Any CPU = Debug|Any CPU
		Debug|x64 = Debug|x64
		Debug|x86 = Debug|x86
		Release|Any CPU = Release|Any CPU
		Release|x64 = Release|x64
		Release|x86 = Release|x86
	EndGlobalSection
	GlobalSection(ProjectConfigurationPlatforms) = postSolution
		{8654FE75-D8A9-4A31-89EF-F7B7FC4E6517}.Debug|Any CPU.ActiveCfg = Debug|Any CPU
		{8654FE75-D8A9-4A31-89EF-F7B7FC4E6517}.Debug|Any CPU.Build.0 = Debug|Any CPU
		{8654FE75-D8A9-4A31-89EF-F7B7FC4E6517}.Debug|x64.ActiveCfg = Debug|Any CPU
		{8654FE75-D8A9-4A31-89EF-F7B7FC4E6517}.Debug|x64.Build.0 = Debug|Any CPU
		{8654FE75-D8A9-4A31-89EF-F7B7FC4E6517}.Debug|x86.ActiveCfg = Debug|Any CPU
		{8654FE75-D8A9-4A31-89EF-F7B7FC4E6517}.Debug|x86.Build.0 = Debug|Any CPU
		{8654FE75-D8A9-4A31-89EF-F7B7FC4E6517}.Release|Any CPU.ActiveCfg = Release|Any CPU
		{8654FE75-D8A9-4A31-89EF-F7B7FC4E6517}.Release|Any CPU.Build.0 = Release|Any CPU
		{8654FE75-D8A9-4A31-89EF-F7B7FC4E6517}.Release|x64.ActiveCfg = Release|Any CPU
		{8654FE75-D8A9-4A31-89EF-F7B7FC4E6517}.Release|x64.Build.0 = Release|Any CPU
		{8654FE75-D8A9-4A31-89EF-F7B7FC4E6517}.Release|x86.ActiveCfg = Release|Any CPU
		{8654FE75-D8A9-4A31-89EF-F7B7FC4E6517}.Release|x86.Build.0 = Release|Any CPU
		{BF0B4264-8C6D-4952-B044-6E06319B20ED}.Debug|Any CPU.ActiveCfg = Debug|Any CPU
		{BF0B4264-8C6D-4952-B044-6E06319B20ED}.Debug|Any CPU.Build.0 = Debug|Any CPU
		{BF0B4264-8C6D-4952-B044-6E06319B20ED}.Debug|x64.ActiveCfg = Debug|Any CPU
		{BF0B4264-8C6D-4952-B044-6E06319B20ED}.Debug|x64.Build.0 = Debug|Any CPU
		{BF0B4264-8C6D-4952-B044-6E06319B20ED}.Debug|x86.ActiveCfg = Debug|Any CPU
		{BF0B4264-8C6D-4952-B044-6E06319B20ED}.Debug|x86.Build.0 = Debug|Any CPU
		{BF0B4264-8C6D-4952-B044-6E06319B20ED}.Release|Any CPU.ActiveCfg = Release|Any CPU
		{BF0B4264-8C6D-4952-B044-6E06319B20ED}.Release|Any CPU.Build.0 = Release|Any CPU
		{BF0B4264-8C6D-4952-B044-6E06319B20ED}.Release|x64.ActiveCfg = Release|Any CPU
		{BF0B4264-8C6D-4952-B044-6E06319B20ED}.Release|x64.Build.0 = Release|Any CPU
		{BF0B4264-8C6D-4952-B044-6E06319B20ED}.Release|x86.ActiveCfg = Release|Any CPU
		{BF0B4264-8C6D-4952-B044-6E06319B20ED}.Release|x86.Build.0 = Release|Any CPU
		{AEDC9B77-9D5D-49C0-91E8-8EC805ADD7B8}.Debug|Any CPU.ActiveCfg = Debug|Any CPU
		{AEDC9B77-9D5D-49C0-91E8-8EC805ADD7B8}.Debug|Any CPU.Build.0 = Debug|Any CPU
		{AEDC9B77-9D5D-49C0-91E8-8EC805ADD7B8}.Debug|x64.ActiveCfg = Debug|Any CPU
		{AEDC9B77-9D5D-49C0-91E8-8EC805ADD7B8}.Debug|x64.Build.0 = Debug|Any CPU
		{AEDC9B77-9D5D-49C0-91E8-8EC805ADD7B8}.Debug|x86.ActiveCfg = Debug|Any CPU
		{AEDC9B77-9D5D-49C0-91E8-8EC805ADD7B8}.Debug|x86.Build.0 = Debug|Any CPU
		{AEDC9B77-9D5D-49C0-91E8-8EC805ADD7B8}.Release|Any CPU.ActiveCfg = Release|Any CPU
		{AEDC9B77-9D5D-49C0-91E8-8EC805ADD7B8}.Release|Any CPU.Build.0 = Release|Any CPU
		{AEDC9B77-9D5D-49C0-91E8-8EC805ADD7B8}.Release|x64.ActiveCfg = Release|Any CPU
		{AEDC9B77-9D5D-49C0-91E8-8EC805ADD7B8}.Release|x64.Build.0 = Release|Any CPU
		{AEDC9B77-9D5D-49C0-91E8-8EC805ADD7B8}.Release|x86.ActiveCfg = Release|Any CPU
		{AEDC9B77-9D5D-49C0-91E8-8EC805ADD7B8}.Release|x86.Build.0 = Release|Any CPU
		{B89A44E1-6768-44CE-A3B8-1199D9032B13}.Debug|Any CPU.ActiveCfg = Debug|Any CPU
		{B89A44E1-6768-44CE-A3B8-1199D9032B13}.Debug|Any CPU.Build.0 = Debug|Any CPU
		{B89A44E1-6768-44CE-A3B8-1199D9032B13}.Debug|x64.ActiveCfg = Debug|Any CPU
		{B89A44E1-6768-44CE-A3B8-1199D9032B13}.Debug|x64.Build.0 = Debug|Any CPU
		{B89A44E1-6768-44CE-A3B8-1199D9032B13}.Debug|x86.ActiveCfg = Debug|Any CPU
		{B89A44E1-6768-44CE-A3B8-1199D9032B13}.Debug|x86.Build.0 = Debug|Any CPU
		{B89A44E1-6768-44CE-A3B8-1199D9032B13}.Release|Any CPU.ActiveCfg = Release|Any CPU
		{B89A44E1-6768-44CE-A3B8-1199D9032B13}.Release|Any CPU.Build.0 = Release|Any CPU
		{B89A44E1-6768-44CE-A3B8-1199D9032B13}.Release|x64.ActiveCfg = Release|Any CPU
		{B89A44E1-6768-44CE-A3B8-1199D9032B13}.Release|x64.Build.0 = Release|Any CPU
		{B89A44E1-6768-44CE-A3B8-1199D9032B13}.Release|x86.ActiveCfg = Release|Any CPU
		{B89A44E1-6768-44CE-A3B8-1199D9032B13}.Release|x86.Build.0 = Release|Any CPU
	EndGlobalSection
	GlobalSection(SolutionProperties) = preSolution
		HideSolutionNode = FALSE
	EndGlobalSection
	GlobalSection(NestedProjects) = preSolution
		{8654FE75-D8A9-4A31-89EF-F7B7FC4E6517} = {827E0CD3-B72D-47B6-A68D-7590B98EB39B}
		{BF0B4264-8C6D-4952-B044-6E06319B20ED} = {0AB3BF05-4346-4AA6-1389-037BE0695223}
		{AEDC9B77-9D5D-49C0-91E8-8EC805ADD7B8} = {0AB3BF05-4346-4AA6-1389-037BE0695223}
		{B89A44E1-6768-44CE-A3B8-1199D9032B13} = {0AB3BF05-4346-4AA6-1389-037BE0695223}
	EndGlobalSection
EndGlobal
